
Microsoft Visual Studio Solution File, Format Version 12.00
# Visual Studio Version 17
VisualStudioVersion = 17.2.32616.157
MinimumVisualStudioVersion = 10.0.40219.1
Project("{2150E333-8FDC-42A3-9474-1A3956D46DE8}") = "Behavioral(Поведенческие)", "Behavioral(Поведенческие)", "{749199BB-F36F-4019-BFEB-B04475AB5140}"
EndProject
Project("{2150E333-8FDC-42A3-9474-1A3956D46DE8}") = "Structural(Структурные)", "Structural(Структурные)", "{3E3D01F2-BFF2-417A-BEAD-0E0AD3547A8D}"
EndProject
Project("{2150E333-8FDC-42A3-9474-1A3956D46DE8}") = "Creational(Порождающие)", "Creational(Порождающие)", "{6B6B76CA-287A-4FA5-99FE-8098611020F9}"
EndProject
Project("{9A19103F-16F7-4668-BE54-9A1E7A4F7556}") = "Memento", "Memento\Memento.csproj", "{B4BD097B-27B4-4AAE-AC40-E0CA633B2A32}"
EndProject
Project("{9A19103F-16F7-4668-BE54-9A1E7A4F7556}") = "ChainOfResponsibility", "ChainOfResponsibility\ChainOfResponsibility.csproj", "{CFC9F6BF-FC2B-446E-8FB5-92A1E06CAE91}"
EndProject
Project("{9A19103F-16F7-4668-BE54-9A1E7A4F7556}") = "Observer", "Observer\Observer.csproj", "{72179984-1F4B-4C89-8E29-49D8C8B18A94}"
EndProject
Project("{9A19103F-16F7-4668-BE54-9A1E7A4F7556}") = "Command", "Command\Command.csproj", "{C4EBB3CE-6BBD-473E-8CAC-012015F8FEA1}"
EndProject
Project("{9A19103F-16F7-4668-BE54-9A1E7A4F7556}") = "State", "State\State.csproj", "{5EA8980C-B0B1-4C20-93C8-92EFE4B88708}"
EndProject
Project("{FAE04EC0-301F-11D3-BF4B-00C04F79EFBC}") = "Interpreter", "Interpreter\Interpreter.csproj", "{E470CB5E-7369-44DB-8192-5A2567865A83}"
EndProject
Project("{FAE04EC0-301F-11D3-BF4B-00C04F79EFBC}") = "Strategy", "Strategy\Strategy.csproj", "{6566D5A3-F886-4E66-9E98-7FA536D7B4D4}"
EndProject
Project("{FAE04EC0-301F-11D3-BF4B-00C04F79EFBC}") = "Iterator", "Iterator\Iterator.csproj", "{2BFCAE0E-EBBC-4673-AC56-AA007679A15F}"
EndProject
Project("{FAE04EC0-301F-11D3-BF4B-00C04F79EFBC}") = "TemplateMethod", "TemplateMethod\TemplateMethod.csproj", "{2411F3F1-D28B-4939-85D9-921847678065}"
EndProject
Project("{FAE04EC0-301F-11D3-BF4B-00C04F79EFBC}") = "Mediator", "Mediator\Mediator.csproj", "{09C6E1FA-6553-4C92-9D38-613A9A8D155B}"
EndProject
Project("{FAE04EC0-301F-11D3-BF4B-00C04F79EFBC}") = "Visitor", "Visitor\Visitor.csproj", "{737EB7A2-98B4-473A-81B9-9CAB3BEB69CF}"
EndProject
Global
	GlobalSection(SolutionConfigurationPlatforms) = preSolution
		Debug|Any CPU = Debug|Any CPU
		Release|Any CPU = Release|Any CPU
	EndGlobalSection
	GlobalSection(ProjectConfigurationPlatforms) = postSolution
		{B4BD097B-27B4-4AAE-AC40-E0CA633B2A32}.Debug|Any CPU.ActiveCfg = Debug|Any CPU
		{B4BD097B-27B4-4AAE-AC40-E0CA633B2A32}.Debug|Any CPU.Build.0 = Debug|Any CPU
		{B4BD097B-27B4-4AAE-AC40-E0CA633B2A32}.Release|Any CPU.ActiveCfg = Release|Any CPU
		{B4BD097B-27B4-4AAE-AC40-E0CA633B2A32}.Release|Any CPU.Build.0 = Release|Any CPU
		{CFC9F6BF-FC2B-446E-8FB5-92A1E06CAE91}.Debug|Any CPU.ActiveCfg = Debug|Any CPU
		{CFC9F6BF-FC2B-446E-8FB5-92A1E06CAE91}.Debug|Any CPU.Build.0 = Debug|Any CPU
		{CFC9F6BF-FC2B-446E-8FB5-92A1E06CAE91}.Release|Any CPU.ActiveCfg = Release|Any CPU
		{CFC9F6BF-FC2B-446E-8FB5-92A1E06CAE91}.Release|Any CPU.Build.0 = Release|Any CPU
		{72179984-1F4B-4C89-8E29-49D8C8B18A94}.Debug|Any CPU.ActiveCfg = Debug|Any CPU
		{72179984-1F4B-4C89-8E29-49D8C8B18A94}.Debug|Any CPU.Build.0 = Debug|Any CPU
		{72179984-1F4B-4C89-8E29-49D8C8B18A94}.Release|Any CPU.ActiveCfg = Release|Any CPU
		{72179984-1F4B-4C89-8E29-49D8C8B18A94}.Release|Any CPU.Build.0 = Release|Any CPU
		{C4EBB3CE-6BBD-473E-8CAC-012015F8FEA1}.Debug|Any CPU.ActiveCfg = Debug|Any CPU
		{C4EBB3CE-6BBD-473E-8CAC-012015F8FEA1}.Debug|Any CPU.Build.0 = Debug|Any CPU
		{C4EBB3CE-6BBD-473E-8CAC-012015F8FEA1}.Release|Any CPU.ActiveCfg = Release|Any CPU
		{C4EBB3CE-6BBD-473E-8CAC-012015F8FEA1}.Release|Any CPU.Build.0 = Release|Any CPU
		{5EA8980C-B0B1-4C20-93C8-92EFE4B88708}.Debug|Any CPU.ActiveCfg = Debug|Any CPU
		{5EA8980C-B0B1-4C20-93C8-92EFE4B88708}.Debug|Any CPU.Build.0 = Debug|Any CPU
		{5EA8980C-B0B1-4C20-93C8-92EFE4B88708}.Release|Any CPU.ActiveCfg = Release|Any CPU
		{5EA8980C-B0B1-4C20-93C8-92EFE4B88708}.Release|Any CPU.Build.0 = Release|Any CPU
		{E470CB5E-7369-44DB-8192-5A2567865A83}.Debug|Any CPU.ActiveCfg = Debug|Any CPU
		{E470CB5E-7369-44DB-8192-5A2567865A83}.Debug|Any CPU.Build.0 = Debug|Any CPU
		{E470CB5E-7369-44DB-8192-5A2567865A83}.Release|Any CPU.ActiveCfg = Release|Any CPU
		{E470CB5E-7369-44DB-8192-5A2567865A83}.Release|Any CPU.Build.0 = Release|Any CPU
		{6566D5A3-F886-4E66-9E98-7FA536D7B4D4}.Debug|Any CPU.ActiveCfg = Debug|Any CPU
		{6566D5A3-F886-4E66-9E98-7FA536D7B4D4}.Debug|Any CPU.Build.0 = Debug|Any CPU
		{6566D5A3-F886-4E66-9E98-7FA536D7B4D4}.Release|Any CPU.ActiveCfg = Release|Any CPU
		{6566D5A3-F886-4E66-9E98-7FA536D7B4D4}.Release|Any CPU.Build.0 = Release|Any CPU
		{2BFCAE0E-EBBC-4673-AC56-AA007679A15F}.Debug|Any CPU.ActiveCfg = Debug|Any CPU
		{2BFCAE0E-EBBC-4673-AC56-AA007679A15F}.Debug|Any CPU.Build.0 = Debug|Any CPU
		{2BFCAE0E-EBBC-4673-AC56-AA007679A15F}.Release|Any CPU.ActiveCfg = Release|Any CPU
		{2BFCAE0E-EBBC-4673-AC56-AA007679A15F}.Release|Any CPU.Build.0 = Release|Any CPU
		{2411F3F1-D28B-4939-85D9-921847678065}.Debug|Any CPU.ActiveCfg = Debug|Any CPU
		{2411F3F1-D28B-4939-85D9-921847678065}.Debug|Any CPU.Build.0 = Debug|Any CPU
		{2411F3F1-D28B-4939-85D9-921847678065}.Release|Any CPU.ActiveCfg = Release|Any CPU
		{2411F3F1-D28B-4939-85D9-921847678065}.Release|Any CPU.Build.0 = Release|Any CPU
		{09C6E1FA-6553-4C92-9D38-613A9A8D155B}.Debug|Any CPU.ActiveCfg = Debug|Any CPU
		{09C6E1FA-6553-4C92-9D38-613A9A8D155B}.Debug|Any CPU.Build.0 = Debug|Any CPU
		{09C6E1FA-6553-4C92-9D38-613A9A8D155B}.Release|Any CPU.ActiveCfg = Release|Any CPU
		{09C6E1FA-6553-4C92-9D38-613A9A8D155B}.Release|Any CPU.Build.0 = Release|Any CPU
		{737EB7A2-98B4-473A-81B9-9CAB3BEB69CF}.Debug|Any CPU.ActiveCfg = Debug|Any CPU
		{737EB7A2-98B4-473A-81B9-9CAB3BEB69CF}.Debug|Any CPU.Build.0 = Debug|Any CPU
		{737EB7A2-98B4-473A-81B9-9CAB3BEB69CF}.Release|Any CPU.ActiveCfg = Release|Any CPU
		{737EB7A2-98B4-473A-81B9-9CAB3BEB69CF}.Release|Any CPU.Build.0 = Release|Any CPU
	EndGlobalSection
	GlobalSection(SolutionProperties) = preSolution
		HideSolutionNode = FALSE
	EndGlobalSection
	GlobalSection(NestedProjects) = preSolution
		{B4BD097B-27B4-4AAE-AC40-E0CA633B2A32} = {749199BB-F36F-4019-BFEB-B04475AB5140}
		{CFC9F6BF-FC2B-446E-8FB5-92A1E06CAE91} = {749199BB-F36F-4019-BFEB-B04475AB5140}
		{72179984-1F4B-4C89-8E29-49D8C8B18A94} = {749199BB-F36F-4019-BFEB-B04475AB5140}
		{C4EBB3CE-6BBD-473E-8CAC-012015F8FEA1} = {749199BB-F36F-4019-BFEB-B04475AB5140}
		{5EA8980C-B0B1-4C20-93C8-92EFE4B88708} = {749199BB-F36F-4019-BFEB-B04475AB5140}
		{E470CB5E-7369-44DB-8192-5A2567865A83} = {749199BB-F36F-4019-BFEB-B04475AB5140}
		{6566D5A3-F886-4E66-9E98-7FA536D7B4D4} = {749199BB-F36F-4019-BFEB-B04475AB5140}
		{2BFCAE0E-EBBC-4673-AC56-AA007679A15F} = {749199BB-F36F-4019-BFEB-B04475AB5140}
		{2411F3F1-D28B-4939-85D9-921847678065} = {749199BB-F36F-4019-BFEB-B04475AB5140}
		{09C6E1FA-6553-4C92-9D38-613A9A8D155B} = {749199BB-F36F-4019-BFEB-B04475AB5140}
		{737EB7A2-98B4-473A-81B9-9CAB3BEB69CF} = {749199BB-F36F-4019-BFEB-B04475AB5140}
	EndGlobalSection
	GlobalSection(ExtensibilityGlobals) = postSolution
		SolutionGuid = {6A7DE462-3436-49E8-A6F0-59158DFB417F}
	EndGlobalSection
EndGlobal
